// !$*UTF8*$!
{
	archiveVersion = 1;
	classes = {
	};
	objectVersion = 46;
	objects = {

/* Begin PBXBuildFile section */
		CB5E5E6C1BC409F400B400B1 /* RecordedAudio.swift in Sources */ = {isa = PBXBuildFile; fileRef = CB5E5E6B1BC409F400B400B1 /* RecordedAudio.swift */; settings = {ASSET_TAGS = (); }; };
		CB7113201BC0A0FE00128135 /* AppDelegate.swift in Sources */ = {isa = PBXBuildFile; fileRef = CB71131F1BC0A0FE00128135 /* AppDelegate.swift */; };
		CB7113221BC0A0FE00128135 /* RecordSoundsViewController.swift in Sources */ = {isa = PBXBuildFile; fileRef = CB7113211BC0A0FE00128135 /* RecordSoundsViewController.swift */; };
		CB7113251BC0A0FE00128135 /* Main.storyboard in Resources */ = {isa = PBXBuildFile; fileRef = CB7113231BC0A0FE00128135 /* Main.storyboard */; };
		CB7113271BC0A0FE00128135 /* Assets.xcassets in Resources */ = {isa = PBXBuildFile; fileRef = CB7113261BC0A0FE00128135 /* Assets.xcassets */; };
		CB71132A1BC0A0FE00128135 /* LaunchScreen.storyboard in Resources */ = {isa = PBXBuildFile; fileRef = CB7113281BC0A0FE00128135 /* LaunchScreen.storyboard */; };
		CB7113351BC0A0FE00128135 /* PitchPerfectTests.swift in Sources */ = {isa = PBXBuildFile; fileRef = CB7113341BC0A0FE00128135 /* PitchPerfectTests.swift */; };
		CB7113401BC0A0FE00128135 /* PitchPerfectUITests.swift in Sources */ = {isa = PBXBuildFile; fileRef = CB71133F1BC0A0FE00128135 /* PitchPerfectUITests.swift */; };
		CB71134F1BC0C70C00128135 /* PlaySoundsViewController.swift in Sources */ = {isa = PBXBuildFile; fileRef = CB71134E1BC0C70C00128135 /* PlaySoundsViewController.swift */; settings = {ASSET_TAGS = (); }; };
/* End PBXBuildFile section */

/* Begin PBXContainerItemProxy section */
		CB7113311BC0A0FE00128135 /* PBXContainerItemProxy */ = {
			isa = PBXContainerItemProxy;
			containerPortal = CB7113141BC0A0FE00128135 /* Project object */;
			proxyType = 1;
			remoteGlobalIDString = CB71131B1BC0A0FE00128135;
			remoteInfo = PitchPerfect;
		};
		CB71133C1BC0A0FE00128135 /* PBXContainerItemProxy */ = {
			isa = PBXContainerItemProxy;
			containerPortal = CB7113141BC0A0FE00128135 /* Project object */;
			proxyType = 1;
			remoteGlobalIDString = CB71131B1BC0A0FE00128135;
			remoteInfo = PitchPerfect;
		};
/* End PBXContainerItemProxy section */

/* Begin PBXFileReference section */
		CB5E5E6B1BC409F400B400B1 /* RecordedAudio.swift */ = {isa = PBXFileReference; fileEncoding = 4; lastKnownFileType = sourcecode.swift; path = RecordedAudio.swift; sourceTree = "<group>"; };
		CB71131C1BC0A0FE00128135 /* Pitch Perfect.app */ = {isa = PBXFileReference; explicitFileType = wrapper.application; includeInIndex = 0; path = "Pitch Perfect.app"; sourceTree = BUILT_PRODUCTS_DIR; };
		CB71131F1BC0A0FE00128135 /* AppDelegate.swift */ = {isa = PBXFileReference; lastKnownFileType = sourcecode.swift; path = AppDelegate.swift; sourceTree = "<group>"; };
		CB7113211BC0A0FE00128135 /* RecordSoundsViewController.swift */ = {isa = PBXFileReference; lastKnownFileType = sourcecode.swift; path = RecordSoundsViewController.swift; sourceTree = "<group>"; };
		CB7113241BC0A0FE00128135 /* Base */ = {isa = PBXFileReference; lastKnownFileType = file.storyboard; name = Base; path = Base.lproj/Main.storyboard; sourceTree = "<group>"; };
		CB7113261BC0A0FE00128135 /* Assets.xcassets */ = {isa = PBXFileReference; lastKnownFileType = folder.assetcatalog; path = Assets.xcassets; sourceTree = "<group>"; };
		CB7113291BC0A0FE00128135 /* Base */ = {isa = PBXFileReference; lastKnownFileType = file.storyboard; name = Base; path = Base.lproj/LaunchScreen.storyboard; sourceTree = "<group>"; };
		CB71132B1BC0A0FE00128135 /* Info.plist */ = {isa = PBXFileReference; lastKnownFileType = text.plist.xml; path = Info.plist; sourceTree = "<group>"; };
		CB7113301BC0A0FE00128135 /* Pitch Perfect.xctest */ = {isa = PBXFileReference; explicitFileType = wrapper.cfbundle; includeInIndex = 0; path = "Pitch Perfect.xctest"; sourceTree = BUILT_PRODUCTS_DIR; };
		CB7113341BC0A0FE00128135 /* PitchPerfectTests.swift */ = {isa = PBXFileReference; lastKnownFileType = sourcecode.swift; path = PitchPerfectTests.swift; sourceTree = "<group>"; };
		CB7113361BC0A0FE00128135 /* Info.plist */ = {isa = PBXFileReference; lastKnownFileType = text.plist.xml; path = Info.plist; sourceTree = "<group>"; };
		CB71133B1BC0A0FE00128135 /* Pitch Perfect.xctest */ = {isa = PBXFileReference; explicitFileType = wrapper.cfbundle; includeInIndex = 0; path = "Pitch Perfect.xctest"; sourceTree = BUILT_PRODUCTS_DIR; };
		CB71133F1BC0A0FE00128135 /* PitchPerfectUITests.swift */ = {isa = PBXFileReference; lastKnownFileType = sourcecode.swift; path = PitchPerfectUITests.swift; sourceTree = "<group>"; };
		CB7113411BC0A0FE00128135 /* Info.plist */ = {isa = PBXFileReference; lastKnownFileType = text.plist.xml; path = Info.plist; sourceTree = "<group>"; };
		CB71134E1BC0C70C00128135 /* PlaySoundsViewController.swift */ = {isa = PBXFileReference; fileEncoding = 4; lastKnownFileType = sourcecode.swift; path = PlaySoundsViewController.swift; sourceTree = "<group>"; };
/* End PBXFileReference section */

/* Begin PBXFrameworksBuildPhase section */
		CB7113191BC0A0FE00128135 /* Frameworks */ = {
			isa = PBXFrameworksBuildPhase;
			buildActionMask = 2147483647;
			files = (
			);
			runOnlyForDeploymentPostprocessing = 0;
		};
		CB71132D1BC0A0FE00128135 /* Frameworks */ = {
			isa = PBXFrameworksBuildPhase;
			buildActionMask = 2147483647;
			files = (
			);
			runOnlyForDeploymentPostprocessing = 0;
		};
		CB7113381BC0A0FE00128135 /* Frameworks */ = {
			isa = PBXFrameworksBuildPhase;
			buildActionMask = 2147483647;
			files = (
			);
			runOnlyForDeploymentPostprocessing = 0;
		};
/* End PBXFrameworksBuildPhase section */

/* Begin PBXGroup section */
		CB7113131BC0A0FE00128135 = {
			isa = PBXGroup;
			children = (
				CB71131E1BC0A0FE00128135 /* PitchPerfect */,
				CB7113331BC0A0FE00128135 /* PitchPerfectTests */,
				CB71133E1BC0A0FE00128135 /* PitchPerfectUITests */,
				CB71131D1BC0A0FE00128135 /* Products */,
			);
			sourceTree = "<group>";
		};
		CB71131D1BC0A0FE00128135 /* Products */ = {
			isa = PBXGroup;
			children = (
				CB71131C1BC0A0FE00128135 /* Pitch Perfect.app */,
				CB7113301BC0A0FE00128135 /* Pitch Perfect.xctest */,
				CB71133B1BC0A0FE00128135 /* Pitch Perfect.xctest */,
			);
			name = Products;
			sourceTree = "<group>";
		};
		CB71131E1BC0A0FE00128135 /* PitchPerfect */ = {
			isa = PBXGroup;
			children = (
				CB71131F1BC0A0FE00128135 /* AppDelegate.swift */,
				CB7113211BC0A0FE00128135 /* RecordSoundsViewController.swift */,
				CB7113231BC0A0FE00128135 /* Main.storyboard */,
				CB71134E1BC0C70C00128135 /* PlaySoundsViewController.swift */,
				CB7113261BC0A0FE00128135 /* Assets.xcassets */,
				CB7113281BC0A0FE00128135 /* LaunchScreen.storyboard */,
				CB71132B1BC0A0FE00128135 /* Info.plist */,
				CB5E5E6B1BC409F400B400B1 /* RecordedAudio.swift */,
			);
			path = PitchPerfect;
			sourceTree = "<group>";
		};
		CB7113331BC0A0FE00128135 /* PitchPerfectTests */ = {
			isa = PBXGroup;
			children = (
				CB7113341BC0A0FE00128135 /* PitchPerfectTests.swift */,
				CB7113361BC0A0FE00128135 /* Info.plist */,
			);
			path = PitchPerfectTests;
			sourceTree = "<group>";
		};
		CB71133E1BC0A0FE00128135 /* PitchPerfectUITests */ = {
			isa = PBXGroup;
			children = (
				CB71133F1BC0A0FE00128135 /* PitchPerfectUITests.swift */,
				CB7113411BC0A0FE00128135 /* Info.plist */,
			);
			path = PitchPerfectUITests;
			sourceTree = "<group>";
		};
/* End PBXGroup section */

/* Begin PBXNativeTarget section */
		CB71131B1BC0A0FE00128135 /* Pitch Perfect */ = {
			isa = PBXNativeTarget;
			buildConfigurationList = CB7113441BC0A0FE00128135 /* Build configuration list for PBXNativeTarget "Pitch Perfect" */;
			buildPhases = (
				CB7113181BC0A0FE00128135 /* Sources */,
				CB7113191BC0A0FE00128135 /* Frameworks */,
				CB71131A1BC0A0FE00128135 /* Resources */,
			);
			buildRules = (
			);
			dependencies = (
			);
			name = "Pitch Perfect";
			productName = PitchPerfect;
			productReference = CB71131C1BC0A0FE00128135 /* Pitch Perfect.app */;
			productType = "com.apple.product-type.application";
		};
		CB71132F1BC0A0FE00128135 /* Pitch PerfectTests */ = {
			isa = PBXNativeTarget;
			buildConfigurationList = CB7113471BC0A0FE00128135 /* Build configuration list for PBXNativeTarget "Pitch PerfectTests" */;
			buildPhases = (
				CB71132C1BC0A0FE00128135 /* Sources */,
				CB71132D1BC0A0FE00128135 /* Frameworks */,
				CB71132E1BC0A0FE00128135 /* Resources */,
			);
			buildRules = (
			);
			dependencies = (
				CB7113321BC0A0FE00128135 /* PBXTargetDependency */,
			);
			name = "Pitch PerfectTests";
			productName = PitchPerfectTests;
			productReference = CB7113301BC0A0FE00128135 /* Pitch Perfect.xctest */;
			productType = "com.apple.product-type.bundle.unit-test";
		};
		CB71133A1BC0A0FE00128135 /* Pitch PerfectUITests */ = {
			isa = PBXNativeTarget;
			buildConfigurationList = CB71134A1BC0A0FE00128135 /* Build configuration list for PBXNativeTarget "Pitch PerfectUITests" */;
			buildPhases = (
				CB7113371BC0A0FE00128135 /* Sources */,
				CB7113381BC0A0FE00128135 /* Frameworks */,
				CB7113391BC0A0FE00128135 /* Resources */,
			);
			buildRules = (
			);
			dependencies = (
				CB71133D1BC0A0FE00128135 /* PBXTargetDependency */,
			);
			name = "Pitch PerfectUITests";
			productName = PitchPerfectUITests;
			productReference = CB71133B1BC0A0FE00128135 /* Pitch Perfect.xctest */;
			productType = "com.apple.product-type.bundle.ui-testing";
		};
/* End PBXNativeTarget section */

/* Begin PBXProject section */
		CB7113141BC0A0FE00128135 /* Project object */ = {
			isa = PBXProject;
			attributes = {
				LastUpgradeCheck = 0700;
				ORGANIZATIONNAME = "Michael Stockman";
				TargetAttributes = {
					CB71131B1BC0A0FE00128135 = {
						CreatedOnToolsVersion = 7.0.1;
					};
					CB71132F1BC0A0FE00128135 = {
						CreatedOnToolsVersion = 7.0.1;
						TestTargetID = CB71131B1BC0A0FE00128135;
					};
					CB71133A1BC0A0FE00128135 = {
						CreatedOnToolsVersion = 7.0.1;
						TestTargetID = CB71131B1BC0A0FE00128135;
					};
				};
			};
			buildConfigurationList = CB7113171BC0A0FE00128135 /* Build configuration list for PBXProject "Pitch Perfect" */;
			compatibilityVersion = "Xcode 3.2";
			developmentRegion = English;
			hasScannedForEncodings = 0;
			knownRegions = (
				en,
				Base,
			);
			mainGroup = CB7113131BC0A0FE00128135;
			productRefGroup = CB71131D1BC0A0FE00128135 /* Products */;
			projectDirPath = "";
			projectRoot = "";
			targets = (
				CB71131B1BC0A0FE00128135 /* Pitch Perfect */,
				CB71132F1BC0A0FE00128135 /* Pitch PerfectTests */,
				CB71133A1BC0A0FE00128135 /* Pitch PerfectUITests */,
			);
		};
/* End PBXProject section */

/* Begin PBXResourcesBuildPhase section */
		CB71131A1BC0A0FE00128135 /* Resources */ = {
			isa = PBXResourcesBuildPhase;
			buildActionMask = 2147483647;
			files = (
				CB71132A1BC0A0FE00128135 /* LaunchScreen.storyboard in Resources */,
				CB7113271BC0A0FE00128135 /* Assets.xcassets in Resources */,
				CB7113251BC0A0FE00128135 /* Main.storyboard in Resources */,
			);
			runOnlyForDeploymentPostprocessing = 0;
		};
		CB71132E1BC0A0FE00128135 /* Resources */ = {
			isa = PBXResourcesBuildPhase;
			buildActionMask = 2147483647;
			files = (
			);
			runOnlyForDeploymentPostprocessing = 0;
		};
		CB7113391BC0A0FE00128135 /* Resources */ = {
			isa = PBXResourcesBuildPhase;
			buildActionMask = 2147483647;
			files = (
			);
			runOnlyForDeploymentPostprocessing = 0;
		};
/* End PBXResourcesBuildPhase section */

/* Begin PBXSourcesBuildPhase section */
		CB7113181BC0A0FE00128135 /* Sources */ = {
			isa = PBXSourcesBuildPhase;
			buildActionMask = 2147483647;
			files = (
				CB5E5E6C1BC409F400B400B1 /* RecordedAudio.swift in Sources */,
				CB7113221BC0A0FE00128135 /* RecordSoundsViewController.swift in Sources */,
				CB71134F1BC0C70C00128135 /* PlaySoundsViewController.swift in Sources */,
				CB7113201BC0A0FE00128135 /* AppDelegate.swift in Sources */,
			);
			runOnlyForDeploymentPostprocessing = 0;
		};
		CB71132C1BC0A0FE00128135 /* Sources */ = {
			isa = PBXSourcesBuildPhase;
			buildActionMask = 2147483647;
			files = (
				CB7113351BC0A0FE00128135 /* PitchPerfectTests.swift in Sources */,
			);
			runOnlyForDeploymentPostprocessing = 0;
		};
		CB7113371BC0A0FE00128135 /* Sources */ = {
			isa = PBXSourcesBuildPhase;
			buildActionMask = 2147483647;
			files = (
				CB7113401BC0A0FE00128135 /* PitchPerfectUITests.swift in Sources */,
			);
			runOnlyForDeploymentPostprocessing = 0;
		};
/* End PBXSourcesBuildPhase section */

/* Begin PBXTargetDependency section */
		CB7113321BC0A0FE00128135 /* PBXTargetDependency */ = {
			isa = PBXTargetDependency;
			target = CB71131B1BC0A0FE00128135 /* Pitch Perfect */;
			targetProxy = CB7113311BC0A0FE00128135 /* PBXContainerItemProxy */;
		};
		CB71133D1BC0A0FE00128135 /* PBXTargetDependency */ = {
			isa = PBXTargetDependency;
			target = CB71131B1BC0A0FE00128135 /* Pitch Perfect */;
			targetProxy = CB71133C1BC0A0FE00128135 /* PBXContainerItemProxy */;
		};
/* End PBXTargetDependency section */

/* Begin PBXVariantGroup section */
		CB7113231BC0A0FE00128135 /* Main.storyboard */ = {
			isa = PBXVariantGroup;
			children = (
				CB7113241BC0A0FE00128135 /* Base */,
			);
			name = Main.storyboard;
			sourceTree = "<group>";
		};
		CB7113281BC0A0FE00128135 /* LaunchScreen.storyboard */ = {
			isa = PBXVariantGroup;
			children = (
				CB7113291BC0A0FE00128135 /* Base */,
			);
			name = LaunchScreen.storyboard;
			sourceTree = "<group>";
		};
/* End PBXVariantGroup section */

/* Begin XCBuildConfiguration section */
		CB7113421BC0A0FE00128135 /* Debug */ = {
			isa = XCBuildConfiguration;
			buildSettings = {
				ALWAYS_SEARCH_USER_PATHS = NO;
				CLANG_CXX_LANGUAGE_STANDARD = "gnu++0x";
				CLANG_CXX_LIBRARY = "libc++";
				CLANG_ENABLE_MODULES = YES;
				CLANG_ENABLE_OBJC_ARC = YES;
				CLANG_WARN_BOOL_CONVERSION = YES;
				CLANG_WARN_CONSTANT_CONVERSION = YES;
				CLANG_WARN_DIRECT_OBJC_ISA_USAGE = YES_ERROR;
				CLANG_WARN_EMPTY_BODY = YES;
				CLANG_WARN_ENUM_CONVERSION = YES;
				CLANG_WARN_INT_CONVERSION = YES;
				CLANG_WARN_OBJC_ROOT_CLASS = YES_ERROR;
				CLANG_WARN_UNREACHABLE_CODE = YES;
				CLANG_WARN__DUPLICATE_METHOD_MATCH = YES;
				"CODE_SIGN_IDENTITY[sdk=iphoneos*]" = "iPhone Developer";
				COPY_PHASE_STRIP = NO;
				DEBUG_INFORMATION_FORMAT = dwarf;
				ENABLE_STRICT_OBJC_MSGSEND = YES;
				ENABLE_TESTABILITY = YES;
				GCC_C_LANGUAGE_STANDARD = gnu99;
				GCC_DYNAMIC_NO_PIC = NO;
				GCC_NO_COMMON_BLOCKS = YES;
				GCC_OPTIMIZATION_LEVEL = 0;
				GCC_PREPROCESSOR_DEFINITIONS = (
					"DEBUG=1",
					"$(inherited)",
				);
				GCC_WARN_64_TO_32_BIT_CONVERSION = YES;
				GCC_WARN_ABOUT_RETURN_TYPE = YES_ERROR;
				GCC_WARN_UNDECLARED_SELECTOR = YES;
				GCC_WARN_UNINITIALIZED_AUTOS = YES_AGGRESSIVE;
				GCC_WARN_UNUSED_FUNCTION = YES;
				GCC_WARN_UNUSED_VARIABLE = YES;
				IPHONEOS_DEPLOYMENT_TARGET = 9.0;
				MTL_ENABLE_DEBUG_INFO = YES;
				ONLY_ACTIVE_ARCH = YES;
				SDKROOT = iphoneos;
				SWIFT_OPTIMIZATION_LEVEL = "-Onone";
			};
			name = Debug;
		};
		CB7113431BC0A0FE00128135 /* Release */ = {
			isa = XCBuildConfiguration;
			buildSettings = {
				ALWAYS_SEARCH_USER_PATHS = NO;
				CLANG_CXX_LANGUAGE_STANDARD = "gnu++0x";
				CLANG_CXX_LIBRARY = "libc++";
				CLANG_ENABLE_MODULES = YES;
				CLANG_ENABLE_OBJC_ARC = YES;
				CLANG_WARN_BOOL_CONVERSION = YES;
				CLANG_WARN_CONSTANT_CONVERSION = YES;
				CLANG_WARN_DIRECT_OBJC_ISA_USAGE = YES_ERROR;
				CLANG_WARN_EMPTY_BODY = YES;
				CLANG_WARN_ENUM_CONVERSION = YES;
				CLANG_WARN_INT_CONVERSION = YES;
				CLANG_WARN_OBJC_ROOT_CLASS = YES_ERROR;
				CLANG_WARN_UNREACHABLE_CODE = YES;
				CLANG_WARN__DUPLICATE_METHOD_MATCH = YES;
				"CODE_SIGN_IDENTITY[sdk=iphoneos*]" = "iPhone Developer";
				COPY_PHASE_STRIP = NO;
				DEBUG_INFORMATION_FORMAT = "dwarf-with-dsym";
				ENABLE_NS_ASSERTIONS = NO;
				ENABLE_STRICT_OBJC_MSGSEND = YES;
				GCC_C_LANGUAGE_STANDARD = gnu99;
				GCC_NO_COMMON_BLOCKS = YES;
				GCC_WARN_64_TO_32_BIT_CONVERSION = YES;
				GCC_WARN_ABOUT_RETURN_TYPE = YES_ERROR;
				GCC_WARN_UNDECLARED_SELECTOR = YES;
				GCC_WARN_UNINITIALIZED_AUTOS = YES_AGGRESSIVE;
				GCC_WARN_UNUSED_FUNCTION = YES;
				GCC_WARN_UNUSED_VARIABLE = YES;
				IPHONEOS_DEPLOYMENT_TARGET = 9.0;
				MTL_ENABLE_DEBUG_INFO = NO;
				SDKROOT = iphoneos;
				VALIDATE_PRODUCT = YES;
			};
			name = Release;
		};
		CB7113451BC0A0FE00128135 /* Debug */ = {
			isa = XCBuildConfiguration;
			buildSettings = {
				ASSETCATALOG_COMPILER_APPICON_NAME = AppIcon;
				INFOPLIST_FILE = PitchPerfect/Info.plist;
				LD_RUNPATH_SEARCH_PATHS = "$(inherited) @executable_path/Frameworks";
				PRODUCT_BUNDLE_IDENTIFIER = com.github.mes32.PitchPerfect;
				PRODUCT_NAME = "Pitch Perfect";
			};
			name = Debug;
		};
		CB7113461BC0A0FE00128135 /* Release */ = {
			isa = XCBuildConfiguration;
			buildSettings = {
				ASSETCATALOG_COMPILER_APPICON_NAME = AppIcon;
				INFOPLIST_FILE = PitchPerfect/Info.plist;
				LD_RUNPATH_SEARCH_PATHS = "$(inherited) @executable_path/Frameworks";
				PRODUCT_BUNDLE_IDENTIFIER = com.github.mes32.PitchPerfect;
				PRODUCT_NAME = "Pitch Perfect";
			};
			name = Release;
		};
		CB7113481BC0A0FE00128135 /* Debug */ = {
			isa = XCBuildConfiguration;
			buildSettings = {
				BUNDLE_LOADER = "$(TEST_HOST)";
				INFOPLIST_FILE = PitchPerfectTests/Info.plist;
				LD_RUNPATH_SEARCH_PATHS = "$(inherited) @executable_path/Frameworks @loader_path/Frameworks";
				PRODUCT_BUNDLE_IDENTIFIER = com.github.mes32.PitchPerfectTests;
				PRODUCT_NAME = "Pitch Perfect";
				TEST_HOST = "$(BUILT_PRODUCTS_DIR)/Pitch Perfect.app/Pitch Perfect";
			};
			name = Debug;
		};
		CB7113491BC0A0FE00128135 /* Release */ = {
			isa = XCBuildConfiguration;
			buildSettings = {
				BUNDLE_LOADER = "$(TEST_HOST)";
				INFOPLIST_FILE = PitchPerfectTests/Info.plist;
				LD_RUNPATH_SEARCH_PATHS = "$(inherited) @executable_path/Frameworks @loader_path/Frameworks";
				PRODUCT_BUNDLE_IDENTIFIER = com.github.mes32.PitchPerfectTests;
				PRODUCT_NAME = "Pitch Perfect";
				TEST_HOST = "$(BUILT_PRODUCTS_DIR)/Pitch Perfect.app/Pitch Perfect";
			};
			name = Release;
		};
		CB71134B1BC0A0FE00128135 /* Debug */ = {
			isa = XCBuildConfiguration;
			buildSettings = {
				INFOPLIST_FILE = PitchPerfectUITests/Info.plist;
				LD_RUNPATH_SEARCH_PATHS = "$(inherited) @executable_path/Frameworks @loader_path/Frameworks";
				PRODUCT_BUNDLE_IDENTIFIER = com.github.mes32.PitchPerfectUITests;
				PRODUCT_NAME = "Pitch Perfect";
				TEST_TARGET_NAME = PitchPerfect;
				USES_XCTRUNNER = YES;
			};
			name = Debug;
		};
		CB71134C1BC0A0FE00128135 /* Release */ = {
			isa = XCBuildConfiguration;
			buildSettings = {
				INFOPLIST_FILE = PitchPerfectUITests/Info.plist;
				LD_RUNPATH_SEARCH_PATHS = "$(inherited) @executable_path/Frameworks @loader_path/Frameworks";
				PRODUCT_BUNDLE_IDENTIFIER = com.github.mes32.PitchPerfectUITests;
				PRODUCT_NAME = "Pitch Perfect";
				TEST_TARGET_NAME = PitchPerfect;
				USES_XCTRUNNER = YES;
			};
			name = Release;
		};
/* End XCBuildConfiguration section */

/* Begin XCConfigurationList section */
		CB7113171BC0A0FE00128135 /* Build configuration list for PBXProject "Pitch Perfect" */ = {
			isa = XCConfigurationList;
			buildConfigurations = (
				CB7113421BC0A0FE00128135 /* Debug */,
				CB7113431BC0A0FE00128135 /* Release */,
			);
			defaultConfigurationIsVisible = 0;
			defaultConfigurationName = Release;
		};
		CB7113441BC0A0FE00128135 /* Build configuration list for PBXNativeTarget "Pitch Perfect" */ = {
			isa = XCConfigurationList;
			buildConfigurations = (
				CB7113451BC0A0FE00128135 /* Debug */,
				CB7113461BC0A0FE00128135 /* Release */,
			);
			defaultConfigurationIsVisible = 0;
			defaultConfigurationName = Release;
		};
		CB7113471BC0A0FE00128135 /* Build configuration list for PBXNativeTarget "Pitch PerfectTests" */ = {
			isa = XCConfigurationList;
			buildConfigurations = (
				CB7113481BC0A0FE00128135 /* Debug */,
				CB7113491BC0A0FE00128135 /* Release */,
			);
			defaultConfigurationIsVisible = 0;
			defaultConfigurationName = Release;
		};
		CB71134A1BC0A0FE00128135 /* Build configuration list for PBXNativeTarget "Pitch PerfectUITests" */ = {
			isa = XCConfigurationList;
			buildConfigurations = (
				CB71134B1BC0A0FE00128135 /* Debug */,
				CB71134C1BC0A0FE00128135 /* Release */,
			);
			defaultConfigurationIsVisible = 0;
			defaultConfigurationName = Release;
		};
/* End XCConfigurationList section */
	};
	rootObject = CB7113141BC0A0FE00128135 /* Project object */;
}
